
Microsoft Visual Studio Solution File, Format Version 12.00
# Visual Studio 15
VisualStudioVersion = 15.0.27130.2027
MinimumVisualStudioVersion = 10.0.40219.1
Project("{9A19103F-16F7-4668-BE54-9A1E7A4F7556}") = "Ywdsoft.AutofacTest", "Ywdsoft.AutofacTest\Ywdsoft.AutofacTest.csproj", "{73D9E80E-1560-4252-AD39-57562B9E217F}"
EndProject
Project("{9A19103F-16F7-4668-BE54-9A1E7A4F7556}") = "Ywdsoft.Core", "Ywdsoft.Core\Ywdsoft.Core.csproj", "{0962EEC4-190F-4D01-AEB9-9EB221C4CFCF}"
EndProject
Global
	GlobalSection(SolutionConfigurationPlatforms) = preSolution
		Debug|Any CPU = Debug|Any CPU
		Release|Any CPU = Release|Any CPU
	EndGlobalSection
	GlobalSection(ProjectConfigurationPlatforms) = postSolution
		{73D9E80E-1560-4252-AD39-57562B9E217F}.Debug|Any CPU.ActiveCfg = Debug|Any CPU
		{73D9E80E-1560-4252-AD39-57562B9E217F}.Debug|Any CPU.Build.0 = Debug|Any CPU
		{73D9E80E-1560-4252-AD39-57562B9E217F}.Release|Any CPU.ActiveCfg = Release|Any CPU
		{73D9E80E-1560-4252-AD39-57562B9E217F}.Release|Any CPU.Build.0 = Release|Any CPU
		{0962EEC4-190F-4D01-AEB9-9EB221C4CFCF}.Debug|Any CPU.ActiveCfg = Debug|Any CPU
		{0962EEC4-190F-4D01-AEB9-9EB221C4CFCF}.Debug|Any CPU.Build.0 = Debug|Any CPU
		{0962EEC4-190F-4D01-AEB9-9EB221C4CFCF}.Release|Any CPU.ActiveCfg = Release|Any CPU
		{0962EEC4-190F-4D01-AEB9-9EB221C4CFCF}.Release|Any CPU.Build.0 = Release|Any CPU
	EndGlobalSection
	GlobalSection(SolutionProperties) = preSolution
		HideSolutionNode = FALSE
	EndGlobalSection
	GlobalSection(ExtensibilityGlobals) = postSolution
		SolutionGuid = {B460BB4C-068B-4714-9AAB-79E572F84418}
	EndGlobalSection
EndGlobal
