
Microsoft Visual Studio Solution File, Format Version 12.00
# Visual Studio Version 17
VisualStudioVersion = 17.6.33417.168
MinimumVisualStudioVersion = 10.0.40219.1
Project("{FAE04EC0-301F-11D3-BF4B-00C04F79EFBC}") = "MQTTnetClientForm", "MQTTnetClientForm\MQTTnetClientForm.csproj", "{EEB64543-6872-4704-BD32-E512C72E2491}"
EndProject
Project("{FAE04EC0-301F-11D3-BF4B-00C04F79EFBC}") = "MQTTnetServer", "MQTTnetServer\MQTTnetServer.csproj", "{D9324A2B-F03D-4F90-AA0C-ACCC603A3C67}"
EndProject
Global
	GlobalSection(SolutionConfigurationPlatforms) = preSolution
		Debug|Any CPU = Debug|Any CPU
		Release|Any CPU = Release|Any CPU
	EndGlobalSection
	GlobalSection(ProjectConfigurationPlatforms) = postSolution
		{EEB64543-6872-4704-BD32-E512C72E2491}.Debug|Any CPU.ActiveCfg = Debug|Any CPU
		{EEB64543-6872-4704-BD32-E512C72E2491}.Debug|Any CPU.Build.0 = Debug|Any CPU
		{EEB64543-6872-4704-BD32-E512C72E2491}.Release|Any CPU.ActiveCfg = Release|Any CPU
		{EEB64543-6872-4704-BD32-E512C72E2491}.Release|Any CPU.Build.0 = Release|Any CPU
		{D9324A2B-F03D-4F90-AA0C-ACCC603A3C67}.Debug|Any CPU.ActiveCfg = Debug|Any CPU
		{D9324A2B-F03D-4F90-AA0C-ACCC603A3C67}.Debug|Any CPU.Build.0 = Debug|Any CPU
		{D9324A2B-F03D-4F90-AA0C-ACCC603A3C67}.Release|Any CPU.ActiveCfg = Release|Any CPU
		{D9324A2B-F03D-4F90-AA0C-ACCC603A3C67}.Release|Any CPU.Build.0 = Release|Any CPU
	EndGlobalSection
	GlobalSection(SolutionProperties) = preSolution
		HideSolutionNode = FALSE
	EndGlobalSection
	GlobalSection(ExtensibilityGlobals) = postSolution
		SolutionGuid = {5BEA88D8-B903-438B-82FE-434F0D9848FB}
	EndGlobalSection
EndGlobal
