
Microsoft Visual Studio Solution File, Format Version 12.00
# Visual Studio Version 16
VisualStudioVersion = 16.0.30907.101
MinimumVisualStudioVersion = 10.0.40219.1
Project("{9A19103F-16F7-4668-BE54-9A1E7A4F7556}") = "MyWPFNetEasyCloudMusic", "MyWPFNetEasyCloudMusic\MyWPFNetEasyCloudMusic.csproj", "{92D950D6-1F92-4E6E-B12E-EBA37A30FB84}"
EndProject
Global
	GlobalSection(SolutionConfigurationPlatforms) = preSolution
		Debug|Any CPU = Debug|Any CPU
		Release|Any CPU = Release|Any CPU
	EndGlobalSection
	GlobalSection(ProjectConfigurationPlatforms) = postSolution
		{92D950D6-1F92-4E6E-B12E-EBA37A30FB84}.Debug|Any CPU.ActiveCfg = Debug|Any CPU
		{92D950D6-1F92-4E6E-B12E-EBA37A30FB84}.Debug|Any CPU.Build.0 = Debug|Any CPU
		{92D950D6-1F92-4E6E-B12E-EBA37A30FB84}.Release|Any CPU.ActiveCfg = Release|Any CPU
		{92D950D6-1F92-4E6E-B12E-EBA37A30FB84}.Release|Any CPU.Build.0 = Release|Any CPU
	EndGlobalSection
	GlobalSection(SolutionProperties) = preSolution
		HideSolutionNode = FALSE
	EndGlobalSection
	GlobalSection(ExtensibilityGlobals) = postSolution
		SolutionGuid = {0151A483-812E-41F0-9234-E82D3F419841}
	EndGlobalSection
EndGlobal
