
Microsoft Visual Studio Solution File, Format Version 12.00
# Visual Studio Version 16
VisualStudioVersion = 16.0.33214.272
MinimumVisualStudioVersion = 10.0.40219.1
Project("{9A19103F-16F7-4668-BE54-9A1E7A4F7556}") = "NetEasyCloudMusic", "NetEasyCloudMusic\NetEasyCloudMusic.csproj", "{92D950D6-1F92-4E6E-B12E-EBA37A30FB84}"
EndProject
Project("{9A19103F-16F7-4668-BE54-9A1E7A4F7556}") = "ExpanderStyleDemo", "ExpanderStyleDemo\ExpanderStyleDemo.csproj", "{B62B97E4-5F02-4740-9C0F-1C565C1CA06C}"
EndProject
Project("{9A19103F-16F7-4668-BE54-9A1E7A4F7556}") = "ListBoxBinding", "ListBoxBinding\ListBoxBinding.csproj", "{99268AAB-4F0C-40E9-992C-5157A0756B34}"
EndProject
Project("{FAE04EC0-301F-11D3-BF4B-00C04F79EFBC}") = "LiveCharsDemo", "LiveCharsDemo\LiveCharsDemo.csproj", "{3D21AC0B-DDBD-4B2C-B040-E6DD7F411B55}"
EndProject
Project("{FAE04EC0-301F-11D3-BF4B-00C04F79EFBC}") = "ItemsControlBinding", "ItemsControlBinding\ItemsControlBinding.csproj", "{857A3CEB-C72E-4B94-B2E0-280D7C2342B4}"
EndProject
Project("{FAE04EC0-301F-11D3-BF4B-00C04F79EFBC}") = "DataGridBinding", "DataGridBinding\DataGridBinding.csproj", "{5B8F8C32-0B0F-40FA-818F-0BC5AE53CC80}"
EndProject
Project("{FAE04EC0-301F-11D3-BF4B-00C04F79EFBC}") = "CommandDemo", "CommandDemo\CommandDemo.csproj", "{9EE000DA-28A3-434A-83B0-4921A82FAB66}"
EndProject
Project("{FAE04EC0-301F-11D3-BF4B-00C04F79EFBC}") = "WbyToDo", "WbyToDo\WbyToDo.csproj", "{5537E6D0-129F-49F9-A942-EB9504036925}"
EndProject
Project("{FAE04EC0-301F-11D3-BF4B-00C04F79EFBC}") = "WPFTestDemo", "WPFTestDemo\WPFTestDemo.csproj", "{13E9D79D-32F1-4DCB-9ABD-D90944156CED}"
EndProject
Project("{2150E333-8FDC-42A3-9474-1A3956D46DE8}") = "PrismDemo", "PrismDemo", "{B08FD1EC-0233-4D6C-809A-6F2FC748C79A}"
EndProject
Project("{9A19103F-16F7-4668-BE54-9A1E7A4F7556}") = "BootstrapperShell", "PrismDemo\BootstrapperShell\BootstrapperShell.csproj", "{FDEC42BB-3FC0-4E80-89CA-EC88F3B17AAD}"
EndProject
Project("{9A19103F-16F7-4668-BE54-9A1E7A4F7556}") = "ModuleA", "PrismDemo\ModuleA\ModuleA.csproj", "{7101CE38-4F94-4A8A-8B37-CBAFD2C20452}"
EndProject
Project("{9A19103F-16F7-4668-BE54-9A1E7A4F7556}") = "ModuleB", "PrismDemo\ModuleB\ModuleB.csproj", "{2422583F-AE19-4D01-BF70-04A7077CBA1C}"
EndProject
Project("{9A19103F-16F7-4668-BE54-9A1E7A4F7556}") = "ModuleC", "PrismDemo\ModuleC\ModuleC.csproj", "{6A094795-DAF9-4070-90E2-387CDCF13033}"
EndProject
Project("{9A19103F-16F7-4668-BE54-9A1E7A4F7556}") = "ModuleD", "PrismDemo\ModuleD\ModuleD.csproj", "{0B0110E1-1C76-428A-98F0-3AAE71ED2E98}"
EndProject
Project("{9A19103F-16F7-4668-BE54-9A1E7A4F7556}") = "PrismAndWPF.Core", "PrismDemo\PrismAndWPF.Core\PrismAndWPF.Core.csproj", "{0A67E11E-956D-4CC5-820F-83BF8208DD31}"
EndProject
Project("{9A19103F-16F7-4668-BE54-9A1E7A4F7556}") = "ModulePerson", "PrismDemo\ModulePerson\ModulePerson.csproj", "{D4588BD6-6C2F-48FD-B29C-09A71B0CD772}"
EndProject
Project("{9A19103F-16F7-4668-BE54-9A1E7A4F7556}") = "BasicNavigation", "PrismDemo\BasicNavigation\BasicNavigation.csproj", "{5187967A-2CDF-43EE-9E90-49D89E6892D4}"
EndProject
Project("{9A19103F-16F7-4668-BE54-9A1E7A4F7556}") = "WpfTestWithPrism", "WpfTestWithPrism\WpfTestWithPrism.csproj", "{62B39750-7931-4AE0-A78F-0504A9730910}"
EndProject
Project("{9A19103F-16F7-4668-BE54-9A1E7A4F7556}") = "CustomerListView", "CustomerView\CustomerListView.csproj", "{3F030873-4837-4FED-BFEC-8187C2D12346}"
EndProject
Project("{9A19103F-16F7-4668-BE54-9A1E7A4F7556}") = "CEFWebBrowser", "CEFWebBrowser\CEFWebBrowser.csproj", "{22CCFDFF-CFDA-45CA-A2B2-CD8A955E9740}"
EndProject
Project("{9A19103F-16F7-4668-BE54-9A1E7A4F7556}") = "HttpClientFactoryInWPF", "HttpClientFactoryInWPF\HttpClientFactoryInWPF.csproj", "{C675DDA0-4FF8-4766-955D-7C4EA80ADB8D}"
EndProject
Project("{FAE04EC0-301F-11D3-BF4B-00C04F79EFBC}") = "PrismDemo.Services", "PrismDemo.Services\PrismDemo.Services.csproj", "{714A3837-22F0-4D57-B426-FFACA8E637E5}"
EndProject
Global
	GlobalSection(SolutionConfigurationPlatforms) = preSolution
		Debug|Any CPU = Debug|Any CPU
		Release|Any CPU = Release|Any CPU
	EndGlobalSection
	GlobalSection(ProjectConfigurationPlatforms) = postSolution
		{92D950D6-1F92-4E6E-B12E-EBA37A30FB84}.Debug|Any CPU.ActiveCfg = Debug|Any CPU
		{92D950D6-1F92-4E6E-B12E-EBA37A30FB84}.Debug|Any CPU.Build.0 = Debug|Any CPU
		{92D950D6-1F92-4E6E-B12E-EBA37A30FB84}.Release|Any CPU.ActiveCfg = Release|Any CPU
		{92D950D6-1F92-4E6E-B12E-EBA37A30FB84}.Release|Any CPU.Build.0 = Release|Any CPU
		{B62B97E4-5F02-4740-9C0F-1C565C1CA06C}.Debug|Any CPU.ActiveCfg = Debug|Any CPU
		{B62B97E4-5F02-4740-9C0F-1C565C1CA06C}.Debug|Any CPU.Build.0 = Debug|Any CPU
		{B62B97E4-5F02-4740-9C0F-1C565C1CA06C}.Release|Any CPU.ActiveCfg = Release|Any CPU
		{B62B97E4-5F02-4740-9C0F-1C565C1CA06C}.Release|Any CPU.Build.0 = Release|Any CPU
		{99268AAB-4F0C-40E9-992C-5157A0756B34}.Debug|Any CPU.ActiveCfg = Debug|Any CPU
		{99268AAB-4F0C-40E9-992C-5157A0756B34}.Debug|Any CPU.Build.0 = Debug|Any CPU
		{99268AAB-4F0C-40E9-992C-5157A0756B34}.Release|Any CPU.ActiveCfg = Release|Any CPU
		{99268AAB-4F0C-40E9-992C-5157A0756B34}.Release|Any CPU.Build.0 = Release|Any CPU
		{3D21AC0B-DDBD-4B2C-B040-E6DD7F411B55}.Debug|Any CPU.ActiveCfg = Debug|Any CPU
		{3D21AC0B-DDBD-4B2C-B040-E6DD7F411B55}.Debug|Any CPU.Build.0 = Debug|Any CPU
		{3D21AC0B-DDBD-4B2C-B040-E6DD7F411B55}.Release|Any CPU.ActiveCfg = Release|Any CPU
		{3D21AC0B-DDBD-4B2C-B040-E6DD7F411B55}.Release|Any CPU.Build.0 = Release|Any CPU
		{857A3CEB-C72E-4B94-B2E0-280D7C2342B4}.Debug|Any CPU.ActiveCfg = Debug|Any CPU
		{857A3CEB-C72E-4B94-B2E0-280D7C2342B4}.Debug|Any CPU.Build.0 = Debug|Any CPU
		{857A3CEB-C72E-4B94-B2E0-280D7C2342B4}.Release|Any CPU.ActiveCfg = Release|Any CPU
		{857A3CEB-C72E-4B94-B2E0-280D7C2342B4}.Release|Any CPU.Build.0 = Release|Any CPU
		{5B8F8C32-0B0F-40FA-818F-0BC5AE53CC80}.Debug|Any CPU.ActiveCfg = Debug|Any CPU
		{5B8F8C32-0B0F-40FA-818F-0BC5AE53CC80}.Debug|Any CPU.Build.0 = Debug|Any CPU
		{5B8F8C32-0B0F-40FA-818F-0BC5AE53CC80}.Release|Any CPU.ActiveCfg = Release|Any CPU
		{5B8F8C32-0B0F-40FA-818F-0BC5AE53CC80}.Release|Any CPU.Build.0 = Release|Any CPU
		{9EE000DA-28A3-434A-83B0-4921A82FAB66}.Debug|Any CPU.ActiveCfg = Debug|Any CPU
		{9EE000DA-28A3-434A-83B0-4921A82FAB66}.Debug|Any CPU.Build.0 = Debug|Any CPU
		{9EE000DA-28A3-434A-83B0-4921A82FAB66}.Release|Any CPU.ActiveCfg = Release|Any CPU
		{9EE000DA-28A3-434A-83B0-4921A82FAB66}.Release|Any CPU.Build.0 = Release|Any CPU
		{5537E6D0-129F-49F9-A942-EB9504036925}.Debug|Any CPU.ActiveCfg = Debug|Any CPU
		{5537E6D0-129F-49F9-A942-EB9504036925}.Debug|Any CPU.Build.0 = Debug|Any CPU
		{5537E6D0-129F-49F9-A942-EB9504036925}.Release|Any CPU.ActiveCfg = Release|Any CPU
		{5537E6D0-129F-49F9-A942-EB9504036925}.Release|Any CPU.Build.0 = Release|Any CPU
		{13E9D79D-32F1-4DCB-9ABD-D90944156CED}.Debug|Any CPU.ActiveCfg = Debug|Any CPU
		{13E9D79D-32F1-4DCB-9ABD-D90944156CED}.Debug|Any CPU.Build.0 = Debug|Any CPU
		{13E9D79D-32F1-4DCB-9ABD-D90944156CED}.Release|Any CPU.ActiveCfg = Release|Any CPU
		{13E9D79D-32F1-4DCB-9ABD-D90944156CED}.Release|Any CPU.Build.0 = Release|Any CPU
		{FDEC42BB-3FC0-4E80-89CA-EC88F3B17AAD}.Debug|Any CPU.ActiveCfg = Debug|Any CPU
		{FDEC42BB-3FC0-4E80-89CA-EC88F3B17AAD}.Debug|Any CPU.Build.0 = Debug|Any CPU
		{FDEC42BB-3FC0-4E80-89CA-EC88F3B17AAD}.Release|Any CPU.ActiveCfg = Release|Any CPU
		{FDEC42BB-3FC0-4E80-89CA-EC88F3B17AAD}.Release|Any CPU.Build.0 = Release|Any CPU
		{7101CE38-4F94-4A8A-8B37-CBAFD2C20452}.Debug|Any CPU.ActiveCfg = Debug|Any CPU
		{7101CE38-4F94-4A8A-8B37-CBAFD2C20452}.Debug|Any CPU.Build.0 = Debug|Any CPU
		{7101CE38-4F94-4A8A-8B37-CBAFD2C20452}.Release|Any CPU.ActiveCfg = Release|Any CPU
		{7101CE38-4F94-4A8A-8B37-CBAFD2C20452}.Release|Any CPU.Build.0 = Release|Any CPU
		{2422583F-AE19-4D01-BF70-04A7077CBA1C}.Debug|Any CPU.ActiveCfg = Debug|Any CPU
		{2422583F-AE19-4D01-BF70-04A7077CBA1C}.Debug|Any CPU.Build.0 = Debug|Any CPU
		{2422583F-AE19-4D01-BF70-04A7077CBA1C}.Release|Any CPU.ActiveCfg = Release|Any CPU
		{2422583F-AE19-4D01-BF70-04A7077CBA1C}.Release|Any CPU.Build.0 = Release|Any CPU
		{6A094795-DAF9-4070-90E2-387CDCF13033}.Debug|Any CPU.ActiveCfg = Debug|Any CPU
		{6A094795-DAF9-4070-90E2-387CDCF13033}.Debug|Any CPU.Build.0 = Debug|Any CPU
		{6A094795-DAF9-4070-90E2-387CDCF13033}.Release|Any CPU.ActiveCfg = Release|Any CPU
		{6A094795-DAF9-4070-90E2-387CDCF13033}.Release|Any CPU.Build.0 = Release|Any CPU
		{0B0110E1-1C76-428A-98F0-3AAE71ED2E98}.Debug|Any CPU.ActiveCfg = Debug|Any CPU
		{0B0110E1-1C76-428A-98F0-3AAE71ED2E98}.Debug|Any CPU.Build.0 = Debug|Any CPU
		{0B0110E1-1C76-428A-98F0-3AAE71ED2E98}.Release|Any CPU.ActiveCfg = Release|Any CPU
		{0B0110E1-1C76-428A-98F0-3AAE71ED2E98}.Release|Any CPU.Build.0 = Release|Any CPU
		{0A67E11E-956D-4CC5-820F-83BF8208DD31}.Debug|Any CPU.ActiveCfg = Debug|Any CPU
		{0A67E11E-956D-4CC5-820F-83BF8208DD31}.Debug|Any CPU.Build.0 = Debug|Any CPU
		{0A67E11E-956D-4CC5-820F-83BF8208DD31}.Release|Any CPU.ActiveCfg = Release|Any CPU
		{0A67E11E-956D-4CC5-820F-83BF8208DD31}.Release|Any CPU.Build.0 = Release|Any CPU
		{D4588BD6-6C2F-48FD-B29C-09A71B0CD772}.Debug|Any CPU.ActiveCfg = Debug|Any CPU
		{D4588BD6-6C2F-48FD-B29C-09A71B0CD772}.Debug|Any CPU.Build.0 = Debug|Any CPU
		{D4588BD6-6C2F-48FD-B29C-09A71B0CD772}.Release|Any CPU.ActiveCfg = Release|Any CPU
		{D4588BD6-6C2F-48FD-B29C-09A71B0CD772}.Release|Any CPU.Build.0 = Release|Any CPU
		{5187967A-2CDF-43EE-9E90-49D89E6892D4}.Debug|Any CPU.ActiveCfg = Debug|Any CPU
		{5187967A-2CDF-43EE-9E90-49D89E6892D4}.Debug|Any CPU.Build.0 = Debug|Any CPU
		{5187967A-2CDF-43EE-9E90-49D89E6892D4}.Release|Any CPU.ActiveCfg = Release|Any CPU
		{5187967A-2CDF-43EE-9E90-49D89E6892D4}.Release|Any CPU.Build.0 = Release|Any CPU
		{62B39750-7931-4AE0-A78F-0504A9730910}.Debug|Any CPU.ActiveCfg = Debug|Any CPU
		{62B39750-7931-4AE0-A78F-0504A9730910}.Debug|Any CPU.Build.0 = Debug|Any CPU
		{62B39750-7931-4AE0-A78F-0504A9730910}.Release|Any CPU.ActiveCfg = Release|Any CPU
		{62B39750-7931-4AE0-A78F-0504A9730910}.Release|Any CPU.Build.0 = Release|Any CPU
		{3F030873-4837-4FED-BFEC-8187C2D12346}.Debug|Any CPU.ActiveCfg = Debug|Any CPU
		{3F030873-4837-4FED-BFEC-8187C2D12346}.Debug|Any CPU.Build.0 = Debug|Any CPU
		{3F030873-4837-4FED-BFEC-8187C2D12346}.Release|Any CPU.ActiveCfg = Release|Any CPU
		{3F030873-4837-4FED-BFEC-8187C2D12346}.Release|Any CPU.Build.0 = Release|Any CPU
		{22CCFDFF-CFDA-45CA-A2B2-CD8A955E9740}.Debug|Any CPU.ActiveCfg = Debug|Any CPU
		{22CCFDFF-CFDA-45CA-A2B2-CD8A955E9740}.Debug|Any CPU.Build.0 = Debug|Any CPU
		{22CCFDFF-CFDA-45CA-A2B2-CD8A955E9740}.Release|Any CPU.ActiveCfg = Release|Any CPU
		{22CCFDFF-CFDA-45CA-A2B2-CD8A955E9740}.Release|Any CPU.Build.0 = Release|Any CPU
		{C675DDA0-4FF8-4766-955D-7C4EA80ADB8D}.Debug|Any CPU.ActiveCfg = Debug|Any CPU
		{C675DDA0-4FF8-4766-955D-7C4EA80ADB8D}.Debug|Any CPU.Build.0 = Debug|Any CPU
		{C675DDA0-4FF8-4766-955D-7C4EA80ADB8D}.Release|Any CPU.ActiveCfg = Release|Any CPU
		{C675DDA0-4FF8-4766-955D-7C4EA80ADB8D}.Release|Any CPU.Build.0 = Release|Any CPU
		{714A3837-22F0-4D57-B426-FFACA8E637E5}.Debug|Any CPU.ActiveCfg = Debug|Any CPU
		{714A3837-22F0-4D57-B426-FFACA8E637E5}.Debug|Any CPU.Build.0 = Debug|Any CPU
		{714A3837-22F0-4D57-B426-FFACA8E637E5}.Release|Any CPU.ActiveCfg = Release|Any CPU
		{714A3837-22F0-4D57-B426-FFACA8E637E5}.Release|Any CPU.Build.0 = Release|Any CPU
	EndGlobalSection
	GlobalSection(SolutionProperties) = preSolution
		HideSolutionNode = FALSE
	EndGlobalSection
	GlobalSection(NestedProjects) = preSolution
		{FDEC42BB-3FC0-4E80-89CA-EC88F3B17AAD} = {B08FD1EC-0233-4D6C-809A-6F2FC748C79A}
		{7101CE38-4F94-4A8A-8B37-CBAFD2C20452} = {B08FD1EC-0233-4D6C-809A-6F2FC748C79A}
		{2422583F-AE19-4D01-BF70-04A7077CBA1C} = {B08FD1EC-0233-4D6C-809A-6F2FC748C79A}
		{6A094795-DAF9-4070-90E2-387CDCF13033} = {B08FD1EC-0233-4D6C-809A-6F2FC748C79A}
		{0B0110E1-1C76-428A-98F0-3AAE71ED2E98} = {B08FD1EC-0233-4D6C-809A-6F2FC748C79A}
		{0A67E11E-956D-4CC5-820F-83BF8208DD31} = {B08FD1EC-0233-4D6C-809A-6F2FC748C79A}
		{D4588BD6-6C2F-48FD-B29C-09A71B0CD772} = {B08FD1EC-0233-4D6C-809A-6F2FC748C79A}
		{5187967A-2CDF-43EE-9E90-49D89E6892D4} = {B08FD1EC-0233-4D6C-809A-6F2FC748C79A}
		{714A3837-22F0-4D57-B426-FFACA8E637E5} = {B08FD1EC-0233-4D6C-809A-6F2FC748C79A}
	EndGlobalSection
	GlobalSection(ExtensibilityGlobals) = postSolution
		SolutionGuid = {0151A483-812E-41F0-9234-E82D3F419841}
	EndGlobalSection
EndGlobal
