
Microsoft Visual Studio Solution File, Format Version 12.00
# Visual Studio Version 17
VisualStudioVersion = 17.5.33318.248
MinimumVisualStudioVersion = 10.0.40219.1
Project("{FAE04EC0-301F-11D3-BF4B-00C04F79EFBC}") = "GeneralUpdateDemo.AspNetCore", "GeneralUpdateDemo.AspNetCore\GeneralUpdateDemo.AspNetCore.csproj", "{7E409C82-591C-4B16-8C52-33F4579935E8}"
EndProject
Project("{FAE04EC0-301F-11D3-BF4B-00C04F79EFBC}") = "GeneralUpdateDemo.Client", "GeneralUpdateDemo.Client\GeneralUpdateDemo.Client.csproj", "{4D7AC264-65E8-421F-B1AA-E26D307F6EEE}"
EndProject
Global
	GlobalSection(SolutionConfigurationPlatforms) = preSolution
		Debug|Any CPU = Debug|Any CPU
		Release|Any CPU = Release|Any CPU
	EndGlobalSection
	GlobalSection(ProjectConfigurationPlatforms) = postSolution
		{7E409C82-591C-4B16-8C52-33F4579935E8}.Debug|Any CPU.ActiveCfg = Debug|Any CPU
		{7E409C82-591C-4B16-8C52-33F4579935E8}.Debug|Any CPU.Build.0 = Debug|Any CPU
		{7E409C82-591C-4B16-8C52-33F4579935E8}.Release|Any CPU.ActiveCfg = Release|Any CPU
		{7E409C82-591C-4B16-8C52-33F4579935E8}.Release|Any CPU.Build.0 = Release|Any CPU
		{4D7AC264-65E8-421F-B1AA-E26D307F6EEE}.Debug|Any CPU.ActiveCfg = Debug|Any CPU
		{4D7AC264-65E8-421F-B1AA-E26D307F6EEE}.Debug|Any CPU.Build.0 = Debug|Any CPU
		{4D7AC264-65E8-421F-B1AA-E26D307F6EEE}.Release|Any CPU.ActiveCfg = Release|Any CPU
		{4D7AC264-65E8-421F-B1AA-E26D307F6EEE}.Release|Any CPU.Build.0 = Release|Any CPU
	EndGlobalSection
	GlobalSection(SolutionProperties) = preSolution
		HideSolutionNode = FALSE
	EndGlobalSection
	GlobalSection(ExtensibilityGlobals) = postSolution
		SolutionGuid = {DF272DC6-1D82-40A1-97E8-FBF07F726C71}
	EndGlobalSection
EndGlobal
