
Microsoft Visual Studio Solution File, Format Version 12.00
# Visual Studio Version 16
VisualStudioVersion = 16.0.30907.101
MinimumVisualStudioVersion = 10.0.40219.1
Project("{9A19103F-16F7-4668-BE54-9A1E7A4F7556}") = "Wby.Demo.Shared", "Wby.Demo.Shared\Wby.Demo.Shared.csproj", "{3076F3A2-A878-4C0D-A850-8A31AC9BCE25}"
EndProject
Project("{9A19103F-16F7-4668-BE54-9A1E7A4F7556}") = "Wby.Demo.EFCore", "Wby.Demo.EFCore\Wby.Demo.EFCore.csproj", "{1171BE43-6DF9-4D73-808D-0B6A7D7C1454}"
EndProject
Project("{9A19103F-16F7-4668-BE54-9A1E7A4F7556}") = "Wby.Demo.Service", "Wby.Demo.Service\Wby.Demo.Service.csproj", "{F2DE43F1-7C59-43F5-89F5-5D3FC83B7954}"
EndProject
Project("{9A19103F-16F7-4668-BE54-9A1E7A4F7556}") = "Wby.Demo.ViewModel", "Wby.Demo.ViewModel\Wby.Demo.ViewModel.csproj", "{EF490427-E30F-4695-BCC8-7E5B972AFA31}"
EndProject
Project("{9A19103F-16F7-4668-BE54-9A1E7A4F7556}") = "Wby.Demo.Api", "Wby.Demo.Api\Wby.Demo.Api.csproj", "{E4437CE3-4D18-4A76-9DEE-6CFBC10DC7BB}"
EndProject
Project("{9A19103F-16F7-4668-BE54-9A1E7A4F7556}") = "Wby.Demo.PC", "Wby.Demo.PC\Wby.Demo.PC.csproj", "{B56FFF81-36E2-47C0-AC12-E23D0548396B}"
EndProject
Project("{FAE04EC0-301F-11D3-BF4B-00C04F79EFBC}") = "Wby.PrismDemo.PC", "Wby.PrismDemo.PC\Wby.PrismDemo.PC.csproj", "{72807562-91F9-4EE4-BA68-16BDD7EA16B5}"
EndProject
Global
	GlobalSection(SolutionConfigurationPlatforms) = preSolution
		Debug|Any CPU = Debug|Any CPU
		Release|Any CPU = Release|Any CPU
	EndGlobalSection
	GlobalSection(ProjectConfigurationPlatforms) = postSolution
		{3076F3A2-A878-4C0D-A850-8A31AC9BCE25}.Debug|Any CPU.ActiveCfg = Debug|Any CPU
		{3076F3A2-A878-4C0D-A850-8A31AC9BCE25}.Debug|Any CPU.Build.0 = Debug|Any CPU
		{3076F3A2-A878-4C0D-A850-8A31AC9BCE25}.Release|Any CPU.ActiveCfg = Release|Any CPU
		{3076F3A2-A878-4C0D-A850-8A31AC9BCE25}.Release|Any CPU.Build.0 = Release|Any CPU
		{1171BE43-6DF9-4D73-808D-0B6A7D7C1454}.Debug|Any CPU.ActiveCfg = Debug|Any CPU
		{1171BE43-6DF9-4D73-808D-0B6A7D7C1454}.Debug|Any CPU.Build.0 = Debug|Any CPU
		{1171BE43-6DF9-4D73-808D-0B6A7D7C1454}.Release|Any CPU.ActiveCfg = Release|Any CPU
		{1171BE43-6DF9-4D73-808D-0B6A7D7C1454}.Release|Any CPU.Build.0 = Release|Any CPU
		{F2DE43F1-7C59-43F5-89F5-5D3FC83B7954}.Debug|Any CPU.ActiveCfg = Debug|Any CPU
		{F2DE43F1-7C59-43F5-89F5-5D3FC83B7954}.Debug|Any CPU.Build.0 = Debug|Any CPU
		{F2DE43F1-7C59-43F5-89F5-5D3FC83B7954}.Release|Any CPU.ActiveCfg = Release|Any CPU
		{F2DE43F1-7C59-43F5-89F5-5D3FC83B7954}.Release|Any CPU.Build.0 = Release|Any CPU
		{EF490427-E30F-4695-BCC8-7E5B972AFA31}.Debug|Any CPU.ActiveCfg = Debug|Any CPU
		{EF490427-E30F-4695-BCC8-7E5B972AFA31}.Debug|Any CPU.Build.0 = Debug|Any CPU
		{EF490427-E30F-4695-BCC8-7E5B972AFA31}.Release|Any CPU.ActiveCfg = Release|Any CPU
		{EF490427-E30F-4695-BCC8-7E5B972AFA31}.Release|Any CPU.Build.0 = Release|Any CPU
		{E4437CE3-4D18-4A76-9DEE-6CFBC10DC7BB}.Debug|Any CPU.ActiveCfg = Debug|Any CPU
		{E4437CE3-4D18-4A76-9DEE-6CFBC10DC7BB}.Debug|Any CPU.Build.0 = Debug|Any CPU
		{E4437CE3-4D18-4A76-9DEE-6CFBC10DC7BB}.Release|Any CPU.ActiveCfg = Release|Any CPU
		{E4437CE3-4D18-4A76-9DEE-6CFBC10DC7BB}.Release|Any CPU.Build.0 = Release|Any CPU
		{B56FFF81-36E2-47C0-AC12-E23D0548396B}.Debug|Any CPU.ActiveCfg = Debug|Any CPU
		{B56FFF81-36E2-47C0-AC12-E23D0548396B}.Debug|Any CPU.Build.0 = Debug|Any CPU
		{B56FFF81-36E2-47C0-AC12-E23D0548396B}.Release|Any CPU.ActiveCfg = Release|Any CPU
		{B56FFF81-36E2-47C0-AC12-E23D0548396B}.Release|Any CPU.Build.0 = Release|Any CPU
		{72807562-91F9-4EE4-BA68-16BDD7EA16B5}.Debug|Any CPU.ActiveCfg = Debug|Any CPU
		{72807562-91F9-4EE4-BA68-16BDD7EA16B5}.Debug|Any CPU.Build.0 = Debug|Any CPU
		{72807562-91F9-4EE4-BA68-16BDD7EA16B5}.Release|Any CPU.ActiveCfg = Release|Any CPU
		{72807562-91F9-4EE4-BA68-16BDD7EA16B5}.Release|Any CPU.Build.0 = Release|Any CPU
	EndGlobalSection
	GlobalSection(SolutionProperties) = preSolution
		HideSolutionNode = FALSE
	EndGlobalSection
	GlobalSection(ExtensibilityGlobals) = postSolution
		SolutionGuid = {B4AE9CCA-2B29-4FC9-B097-C18A18F91721}
	EndGlobalSection
EndGlobal
