
Microsoft Visual Studio Solution File, Format Version 12.00
# Visual Studio Version 17
VisualStudioVersion = 17.3.32611.2
MinimumVisualStudioVersion = 10.0.40219.1
Project("{FAE04EC0-301F-11D3-BF4B-00C04F79EFBC}") = "GrpcServer", "GrpcServer\GrpcServer.csproj", "{B74D0E4B-D873-4D8F-96CB-B0FE1C2A2839}"
EndProject
Project("{FAE04EC0-301F-11D3-BF4B-00C04F79EFBC}") = "BlazorWASM", "BlazorWASM\BlazorWASM.csproj", "{70AE42B6-BF5B-4151-B733-756868D18602}"
EndProject
Global
	GlobalSection(SolutionConfigurationPlatforms) = preSolution
		Debug|Any CPU = Debug|Any CPU
		Release|Any CPU = Release|Any CPU
	EndGlobalSection
	GlobalSection(ProjectConfigurationPlatforms) = postSolution
		{B74D0E4B-D873-4D8F-96CB-B0FE1C2A2839}.Debug|Any CPU.ActiveCfg = Debug|Any CPU
		{B74D0E4B-D873-4D8F-96CB-B0FE1C2A2839}.Debug|Any CPU.Build.0 = Debug|Any CPU
		{B74D0E4B-D873-4D8F-96CB-B0FE1C2A2839}.Release|Any CPU.ActiveCfg = Release|Any CPU
		{B74D0E4B-D873-4D8F-96CB-B0FE1C2A2839}.Release|Any CPU.Build.0 = Release|Any CPU
		{70AE42B6-BF5B-4151-B733-756868D18602}.Debug|Any CPU.ActiveCfg = Debug|Any CPU
		{70AE42B6-BF5B-4151-B733-756868D18602}.Debug|Any CPU.Build.0 = Debug|Any CPU
		{70AE42B6-BF5B-4151-B733-756868D18602}.Release|Any CPU.ActiveCfg = Release|Any CPU
		{70AE42B6-BF5B-4151-B733-756868D18602}.Release|Any CPU.Build.0 = Release|Any CPU
	EndGlobalSection
	GlobalSection(SolutionProperties) = preSolution
		HideSolutionNode = FALSE
	EndGlobalSection
	GlobalSection(ExtensibilityGlobals) = postSolution
		SolutionGuid = {B5C859FF-2A8E-4C26-A1D7-462917BDEE4D}
	EndGlobalSection
EndGlobal
