
Microsoft Visual Studio Solution File, Format Version 12.00
# Visual Studio Version 16
VisualStudioVersion = 16.0.30204.135
MinimumVisualStudioVersion = 10.0.40219.1
Project("{9A19103F-16F7-4668-BE54-9A1E7A4F7556}") = "StartUpDemo", "StartUpDemo\StartUpDemo.csproj", "{37F7A887-41B7-4114-8160-53FC9B7D73C7}"
EndProject
Project("{2150E333-8FDC-42A3-9474-1A3956D46DE8}") = "Demos", "Demos", "{2D954A30-1402-48D5-B10A-EAA8F59C645E}"
EndProject
Project("{9A19103F-16F7-4668-BE54-9A1E7A4F7556}") = "DependencyInjectionDemo", "DependencyInjectionDemo\DependencyInjectionDemo.csproj", "{1D749269-A56C-4615-950F-893EF8ECB24E}"
EndProject
Project("{9A19103F-16F7-4668-BE54-9A1E7A4F7556}") = "DependencyInjectionScopeAndDisposableDemo", "DependencyInjectionScopeAndDisposableDemo\DependencyInjectionScopeAndDisposableDemo.csproj", "{96F343D7-CA50-4E80-B7F2-4BF1A36A4046}"
EndProject
Project("{9A19103F-16F7-4668-BE54-9A1E7A4F7556}") = "DependencyInjectionAutofacDemo", "DependencyInjectionAutofacDemo\DependencyInjectionAutofacDemo.csproj", "{1BA21195-E2C0-4CA9-8C68-AB9FFEBF1491}"
EndProject
Project("{9A19103F-16F7-4668-BE54-9A1E7A4F7556}") = "ConfigurationDemo", "ConfigurationDemo\ConfigurationDemo.csproj", "{182A0F5D-4D4E-4B21-A124-1A4F43912647}"
EndProject
Project("{9A19103F-16F7-4668-BE54-9A1E7A4F7556}") = "OptionsDemo", "OptionsDemo\OptionsDemo.csproj", "{B13AEA92-3A79-4FAD-BA20-5B79B46AC0F0}"
EndProject
Project("{9A19103F-16F7-4668-BE54-9A1E7A4F7556}") = "LoggingSimpleDemo", "LoggingSimpleDemo\LoggingSimpleDemo.csproj", "{F462F108-AE6C-40D4-88BA-BDEA7DE57E29}"
EndProject
Project("{9A19103F-16F7-4668-BE54-9A1E7A4F7556}") = "LoggingScopeDemo", "LoggingScopeDemo\LoggingScopeDemo.csproj", "{04D8964E-C0F8-4BBF-9E56-11BBADC6E14B}"
EndProject
Project("{9A19103F-16F7-4668-BE54-9A1E7A4F7556}") = "LoggingSerilogDemo", "LoggingSerilogDemo\LoggingSerilogDemo.csproj", "{067447EF-5EC7-45D1-B896-28309C094063}"
EndProject
Project("{9A19103F-16F7-4668-BE54-9A1E7A4F7556}") = "MiddlewareDemo", "MiddlewareDemo\MiddlewareDemo.csproj", "{7BD255A6-B7A2-495C-9655-292B583B90A7}"
EndProject
Project("{9A19103F-16F7-4668-BE54-9A1E7A4F7556}") = "ExceptionDemo", "ExceptionDemo\ExceptionDemo.csproj", "{1A6FCA0E-E68F-4DA0-B3A5-23403765368A}"
EndProject
Project("{9A19103F-16F7-4668-BE54-9A1E7A4F7556}") = "StaticFilesDemo", "StaticFilesDemo\StaticFilesDemo.csproj", "{9B16CA3C-FE3E-4F1A-9D72-A26BAFE86DB2}"
EndProject
Project("{9A19103F-16F7-4668-BE54-9A1E7A4F7556}") = "FileProviderDemo", "FileProviderDemo\FileProviderDemo.csproj", "{CBF14D7C-6ECB-4E11-A1A3-207B3E8F59AC}"
EndProject
Project("{9A19103F-16F7-4668-BE54-9A1E7A4F7556}") = "RoutingDemo", "RoutingDemo\RoutingDemo.csproj", "{2EECEF87-727D-4399-8FF0-E2B09CBABEEF}"
EndProject
Project("{9A19103F-16F7-4668-BE54-9A1E7A4F7556}") = "MediatorDemo", "MediatorDemo\MediatorDemo.csproj", "{E688E49A-0F04-491A-9480-8A2425A94231}"
EndProject
Project("{2150E333-8FDC-42A3-9474-1A3956D46DE8}") = "HttpClientFactory", "HttpClientFactory", "{9B97F2AC-AB58-41BD-A18E-CCF28FC05416}"
EndProject
Project("{9A19103F-16F7-4668-BE54-9A1E7A4F7556}") = "HttpClientFactoryDemo", "HttpClientFactoryDemo\HttpClientFactoryDemo.csproj", "{8D3299EC-32C5-47CE-BEEF-684D93E65300}"
EndProject
Project("{9A19103F-16F7-4668-BE54-9A1E7A4F7556}") = "RemoteSite", "RemoteSite\RemoteSite.csproj", "{34CD5BED-7BC6-4BF7-BD6E-2117F3B3A0CF}"
EndProject
Project("{2150E333-8FDC-42A3-9474-1A3956D46DE8}") = "GrpcDemo", "GrpcDemo", "{41D72F24-9FA7-404F-9796-218BDCB9854F}"
EndProject
Project("{9A19103F-16F7-4668-BE54-9A1E7A4F7556}") = "GrpcClientDemo", "GrpcClientDemo\GrpcClientDemo.csproj", "{8D9EDBC8-9849-4113-BEDF-0E934ECB7DF5}"
EndProject
Project("{9A19103F-16F7-4668-BE54-9A1E7A4F7556}") = "GrpcServerDemo", "GrpcServerDemo\GrpcServerDemo.csproj", "{4E15AA2C-9956-43F5-A45D-A875A1A5E844}"
EndProject
Project("{2150E333-8FDC-42A3-9474-1A3956D46DE8}") = "SecurityDemo", "SecurityDemo", "{40C2B3C1-27D9-4666-ACA8-6B9C12496C7A}"
EndProject
Project("{9A19103F-16F7-4668-BE54-9A1E7A4F7556}") = "Wby.GoodSite", "Wby.GoodSite\Wby.GoodSite.csproj", "{ABB36D3F-97BA-470F-B8B4-2665838B7CC4}"
EndProject
Project("{9A19103F-16F7-4668-BE54-9A1E7A4F7556}") = "Wby.BadSite", "Wby.BadSite\Wby.BadSite.csproj", "{27D40811-359F-49B6-9AFF-9994A758EF24}"
EndProject
Project("{2150E333-8FDC-42A3-9474-1A3956D46DE8}") = "OcelotDemo", "OcelotDemo", "{8A817817-D193-4ED2-ABE1-F5AD715B423C}"
EndProject
Project("{9A19103F-16F7-4668-BE54-9A1E7A4F7556}") = "Wby.Mobile.ApiAggregator", "Wby.Mobile.ApiAggregator\Wby.Mobile.ApiAggregator.csproj", "{FE34F504-38B8-4A39-BC65-4F3CA0832C63}"
EndProject
Project("{9A19103F-16F7-4668-BE54-9A1E7A4F7556}") = "Wby.Mobile.Gateway", "Wby.Mobile.Gateway\Wby.Mobile.Gateway.csproj", "{4F8480B1-F776-4BE0-83F4-C35C2F9A380A}"
EndProject
Project("{9A19103F-16F7-4668-BE54-9A1E7A4F7556}") = "Wby.Ordering.API", "Wby.Ordering.API\Wby.Ordering.API.csproj", "{B00647F6-57C1-4EB5-B336-AA55C556252D}"
EndProject
Project("{2150E333-8FDC-42A3-9474-1A3956D46DE8}") = "MediatorDemo", "MediatorDemo", "{777CF495-85CE-40AD-8828-775A2082796E}"
EndProject
Global
	GlobalSection(SolutionConfigurationPlatforms) = preSolution
		Debug|Any CPU = Debug|Any CPU
		Release|Any CPU = Release|Any CPU
	EndGlobalSection
	GlobalSection(ProjectConfigurationPlatforms) = postSolution
		{37F7A887-41B7-4114-8160-53FC9B7D73C7}.Debug|Any CPU.ActiveCfg = Debug|Any CPU
		{37F7A887-41B7-4114-8160-53FC9B7D73C7}.Debug|Any CPU.Build.0 = Debug|Any CPU
		{37F7A887-41B7-4114-8160-53FC9B7D73C7}.Release|Any CPU.ActiveCfg = Release|Any CPU
		{37F7A887-41B7-4114-8160-53FC9B7D73C7}.Release|Any CPU.Build.0 = Release|Any CPU
		{1D749269-A56C-4615-950F-893EF8ECB24E}.Debug|Any CPU.ActiveCfg = Debug|Any CPU
		{1D749269-A56C-4615-950F-893EF8ECB24E}.Debug|Any CPU.Build.0 = Debug|Any CPU
		{1D749269-A56C-4615-950F-893EF8ECB24E}.Release|Any CPU.ActiveCfg = Release|Any CPU
		{1D749269-A56C-4615-950F-893EF8ECB24E}.Release|Any CPU.Build.0 = Release|Any CPU
		{96F343D7-CA50-4E80-B7F2-4BF1A36A4046}.Debug|Any CPU.ActiveCfg = Debug|Any CPU
		{96F343D7-CA50-4E80-B7F2-4BF1A36A4046}.Debug|Any CPU.Build.0 = Debug|Any CPU
		{96F343D7-CA50-4E80-B7F2-4BF1A36A4046}.Release|Any CPU.ActiveCfg = Release|Any CPU
		{96F343D7-CA50-4E80-B7F2-4BF1A36A4046}.Release|Any CPU.Build.0 = Release|Any CPU
		{1BA21195-E2C0-4CA9-8C68-AB9FFEBF1491}.Debug|Any CPU.ActiveCfg = Debug|Any CPU
		{1BA21195-E2C0-4CA9-8C68-AB9FFEBF1491}.Debug|Any CPU.Build.0 = Debug|Any CPU
		{1BA21195-E2C0-4CA9-8C68-AB9FFEBF1491}.Release|Any CPU.ActiveCfg = Release|Any CPU
		{1BA21195-E2C0-4CA9-8C68-AB9FFEBF1491}.Release|Any CPU.Build.0 = Release|Any CPU
		{182A0F5D-4D4E-4B21-A124-1A4F43912647}.Debug|Any CPU.ActiveCfg = Debug|Any CPU
		{182A0F5D-4D4E-4B21-A124-1A4F43912647}.Debug|Any CPU.Build.0 = Debug|Any CPU
		{182A0F5D-4D4E-4B21-A124-1A4F43912647}.Release|Any CPU.ActiveCfg = Release|Any CPU
		{182A0F5D-4D4E-4B21-A124-1A4F43912647}.Release|Any CPU.Build.0 = Release|Any CPU
		{B13AEA92-3A79-4FAD-BA20-5B79B46AC0F0}.Debug|Any CPU.ActiveCfg = Debug|Any CPU
		{B13AEA92-3A79-4FAD-BA20-5B79B46AC0F0}.Debug|Any CPU.Build.0 = Debug|Any CPU
		{B13AEA92-3A79-4FAD-BA20-5B79B46AC0F0}.Release|Any CPU.ActiveCfg = Release|Any CPU
		{B13AEA92-3A79-4FAD-BA20-5B79B46AC0F0}.Release|Any CPU.Build.0 = Release|Any CPU
		{F462F108-AE6C-40D4-88BA-BDEA7DE57E29}.Debug|Any CPU.ActiveCfg = Debug|Any CPU
		{F462F108-AE6C-40D4-88BA-BDEA7DE57E29}.Debug|Any CPU.Build.0 = Debug|Any CPU
		{F462F108-AE6C-40D4-88BA-BDEA7DE57E29}.Release|Any CPU.ActiveCfg = Release|Any CPU
		{F462F108-AE6C-40D4-88BA-BDEA7DE57E29}.Release|Any CPU.Build.0 = Release|Any CPU
		{04D8964E-C0F8-4BBF-9E56-11BBADC6E14B}.Debug|Any CPU.ActiveCfg = Debug|Any CPU
		{04D8964E-C0F8-4BBF-9E56-11BBADC6E14B}.Debug|Any CPU.Build.0 = Debug|Any CPU
		{04D8964E-C0F8-4BBF-9E56-11BBADC6E14B}.Release|Any CPU.ActiveCfg = Release|Any CPU
		{04D8964E-C0F8-4BBF-9E56-11BBADC6E14B}.Release|Any CPU.Build.0 = Release|Any CPU
		{067447EF-5EC7-45D1-B896-28309C094063}.Debug|Any CPU.ActiveCfg = Debug|Any CPU
		{067447EF-5EC7-45D1-B896-28309C094063}.Debug|Any CPU.Build.0 = Debug|Any CPU
		{067447EF-5EC7-45D1-B896-28309C094063}.Release|Any CPU.ActiveCfg = Release|Any CPU
		{067447EF-5EC7-45D1-B896-28309C094063}.Release|Any CPU.Build.0 = Release|Any CPU
		{7BD255A6-B7A2-495C-9655-292B583B90A7}.Debug|Any CPU.ActiveCfg = Debug|Any CPU
		{7BD255A6-B7A2-495C-9655-292B583B90A7}.Debug|Any CPU.Build.0 = Debug|Any CPU
		{7BD255A6-B7A2-495C-9655-292B583B90A7}.Release|Any CPU.ActiveCfg = Release|Any CPU
		{7BD255A6-B7A2-495C-9655-292B583B90A7}.Release|Any CPU.Build.0 = Release|Any CPU
		{1A6FCA0E-E68F-4DA0-B3A5-23403765368A}.Debug|Any CPU.ActiveCfg = Debug|Any CPU
		{1A6FCA0E-E68F-4DA0-B3A5-23403765368A}.Debug|Any CPU.Build.0 = Debug|Any CPU
		{1A6FCA0E-E68F-4DA0-B3A5-23403765368A}.Release|Any CPU.ActiveCfg = Release|Any CPU
		{1A6FCA0E-E68F-4DA0-B3A5-23403765368A}.Release|Any CPU.Build.0 = Release|Any CPU
		{9B16CA3C-FE3E-4F1A-9D72-A26BAFE86DB2}.Debug|Any CPU.ActiveCfg = Debug|Any CPU
		{9B16CA3C-FE3E-4F1A-9D72-A26BAFE86DB2}.Debug|Any CPU.Build.0 = Debug|Any CPU
		{9B16CA3C-FE3E-4F1A-9D72-A26BAFE86DB2}.Release|Any CPU.ActiveCfg = Release|Any CPU
		{9B16CA3C-FE3E-4F1A-9D72-A26BAFE86DB2}.Release|Any CPU.Build.0 = Release|Any CPU
		{CBF14D7C-6ECB-4E11-A1A3-207B3E8F59AC}.Debug|Any CPU.ActiveCfg = Debug|Any CPU
		{CBF14D7C-6ECB-4E11-A1A3-207B3E8F59AC}.Debug|Any CPU.Build.0 = Debug|Any CPU
		{CBF14D7C-6ECB-4E11-A1A3-207B3E8F59AC}.Release|Any CPU.ActiveCfg = Release|Any CPU
		{CBF14D7C-6ECB-4E11-A1A3-207B3E8F59AC}.Release|Any CPU.Build.0 = Release|Any CPU
		{2EECEF87-727D-4399-8FF0-E2B09CBABEEF}.Debug|Any CPU.ActiveCfg = Debug|Any CPU
		{2EECEF87-727D-4399-8FF0-E2B09CBABEEF}.Debug|Any CPU.Build.0 = Debug|Any CPU
		{2EECEF87-727D-4399-8FF0-E2B09CBABEEF}.Release|Any CPU.ActiveCfg = Release|Any CPU
		{2EECEF87-727D-4399-8FF0-E2B09CBABEEF}.Release|Any CPU.Build.0 = Release|Any CPU
		{E688E49A-0F04-491A-9480-8A2425A94231}.Debug|Any CPU.ActiveCfg = Debug|Any CPU
		{E688E49A-0F04-491A-9480-8A2425A94231}.Debug|Any CPU.Build.0 = Debug|Any CPU
		{E688E49A-0F04-491A-9480-8A2425A94231}.Release|Any CPU.ActiveCfg = Release|Any CPU
		{E688E49A-0F04-491A-9480-8A2425A94231}.Release|Any CPU.Build.0 = Release|Any CPU
		{8D3299EC-32C5-47CE-BEEF-684D93E65300}.Debug|Any CPU.ActiveCfg = Debug|Any CPU
		{8D3299EC-32C5-47CE-BEEF-684D93E65300}.Debug|Any CPU.Build.0 = Debug|Any CPU
		{8D3299EC-32C5-47CE-BEEF-684D93E65300}.Release|Any CPU.ActiveCfg = Release|Any CPU
		{8D3299EC-32C5-47CE-BEEF-684D93E65300}.Release|Any CPU.Build.0 = Release|Any CPU
		{34CD5BED-7BC6-4BF7-BD6E-2117F3B3A0CF}.Debug|Any CPU.ActiveCfg = Debug|Any CPU
		{34CD5BED-7BC6-4BF7-BD6E-2117F3B3A0CF}.Debug|Any CPU.Build.0 = Debug|Any CPU
		{34CD5BED-7BC6-4BF7-BD6E-2117F3B3A0CF}.Release|Any CPU.ActiveCfg = Release|Any CPU
		{34CD5BED-7BC6-4BF7-BD6E-2117F3B3A0CF}.Release|Any CPU.Build.0 = Release|Any CPU
		{8D9EDBC8-9849-4113-BEDF-0E934ECB7DF5}.Debug|Any CPU.ActiveCfg = Debug|Any CPU
		{8D9EDBC8-9849-4113-BEDF-0E934ECB7DF5}.Debug|Any CPU.Build.0 = Debug|Any CPU
		{8D9EDBC8-9849-4113-BEDF-0E934ECB7DF5}.Release|Any CPU.ActiveCfg = Release|Any CPU
		{8D9EDBC8-9849-4113-BEDF-0E934ECB7DF5}.Release|Any CPU.Build.0 = Release|Any CPU
		{4E15AA2C-9956-43F5-A45D-A875A1A5E844}.Debug|Any CPU.ActiveCfg = Debug|Any CPU
		{4E15AA2C-9956-43F5-A45D-A875A1A5E844}.Debug|Any CPU.Build.0 = Debug|Any CPU
		{4E15AA2C-9956-43F5-A45D-A875A1A5E844}.Release|Any CPU.ActiveCfg = Release|Any CPU
		{4E15AA2C-9956-43F5-A45D-A875A1A5E844}.Release|Any CPU.Build.0 = Release|Any CPU
		{ABB36D3F-97BA-470F-B8B4-2665838B7CC4}.Debug|Any CPU.ActiveCfg = Debug|Any CPU
		{ABB36D3F-97BA-470F-B8B4-2665838B7CC4}.Debug|Any CPU.Build.0 = Debug|Any CPU
		{ABB36D3F-97BA-470F-B8B4-2665838B7CC4}.Release|Any CPU.ActiveCfg = Release|Any CPU
		{ABB36D3F-97BA-470F-B8B4-2665838B7CC4}.Release|Any CPU.Build.0 = Release|Any CPU
		{27D40811-359F-49B6-9AFF-9994A758EF24}.Debug|Any CPU.ActiveCfg = Debug|Any CPU
		{27D40811-359F-49B6-9AFF-9994A758EF24}.Debug|Any CPU.Build.0 = Debug|Any CPU
		{27D40811-359F-49B6-9AFF-9994A758EF24}.Release|Any CPU.ActiveCfg = Release|Any CPU
		{27D40811-359F-49B6-9AFF-9994A758EF24}.Release|Any CPU.Build.0 = Release|Any CPU
		{FE34F504-38B8-4A39-BC65-4F3CA0832C63}.Debug|Any CPU.ActiveCfg = Debug|Any CPU
		{FE34F504-38B8-4A39-BC65-4F3CA0832C63}.Debug|Any CPU.Build.0 = Debug|Any CPU
		{FE34F504-38B8-4A39-BC65-4F3CA0832C63}.Release|Any CPU.ActiveCfg = Release|Any CPU
		{FE34F504-38B8-4A39-BC65-4F3CA0832C63}.Release|Any CPU.Build.0 = Release|Any CPU
		{4F8480B1-F776-4BE0-83F4-C35C2F9A380A}.Debug|Any CPU.ActiveCfg = Debug|Any CPU
		{4F8480B1-F776-4BE0-83F4-C35C2F9A380A}.Debug|Any CPU.Build.0 = Debug|Any CPU
		{4F8480B1-F776-4BE0-83F4-C35C2F9A380A}.Release|Any CPU.ActiveCfg = Release|Any CPU
		{4F8480B1-F776-4BE0-83F4-C35C2F9A380A}.Release|Any CPU.Build.0 = Release|Any CPU
		{B00647F6-57C1-4EB5-B336-AA55C556252D}.Debug|Any CPU.ActiveCfg = Debug|Any CPU
		{B00647F6-57C1-4EB5-B336-AA55C556252D}.Debug|Any CPU.Build.0 = Debug|Any CPU
		{B00647F6-57C1-4EB5-B336-AA55C556252D}.Release|Any CPU.ActiveCfg = Release|Any CPU
		{B00647F6-57C1-4EB5-B336-AA55C556252D}.Release|Any CPU.Build.0 = Release|Any CPU
	EndGlobalSection
	GlobalSection(SolutionProperties) = preSolution
		HideSolutionNode = FALSE
	EndGlobalSection
	GlobalSection(NestedProjects) = preSolution
		{37F7A887-41B7-4114-8160-53FC9B7D73C7} = {2D954A30-1402-48D5-B10A-EAA8F59C645E}
		{1D749269-A56C-4615-950F-893EF8ECB24E} = {2D954A30-1402-48D5-B10A-EAA8F59C645E}
		{96F343D7-CA50-4E80-B7F2-4BF1A36A4046} = {2D954A30-1402-48D5-B10A-EAA8F59C645E}
		{1BA21195-E2C0-4CA9-8C68-AB9FFEBF1491} = {2D954A30-1402-48D5-B10A-EAA8F59C645E}
		{182A0F5D-4D4E-4B21-A124-1A4F43912647} = {2D954A30-1402-48D5-B10A-EAA8F59C645E}
		{B13AEA92-3A79-4FAD-BA20-5B79B46AC0F0} = {2D954A30-1402-48D5-B10A-EAA8F59C645E}
		{F462F108-AE6C-40D4-88BA-BDEA7DE57E29} = {2D954A30-1402-48D5-B10A-EAA8F59C645E}
		{04D8964E-C0F8-4BBF-9E56-11BBADC6E14B} = {2D954A30-1402-48D5-B10A-EAA8F59C645E}
		{067447EF-5EC7-45D1-B896-28309C094063} = {2D954A30-1402-48D5-B10A-EAA8F59C645E}
		{7BD255A6-B7A2-495C-9655-292B583B90A7} = {2D954A30-1402-48D5-B10A-EAA8F59C645E}
		{1A6FCA0E-E68F-4DA0-B3A5-23403765368A} = {2D954A30-1402-48D5-B10A-EAA8F59C645E}
		{9B16CA3C-FE3E-4F1A-9D72-A26BAFE86DB2} = {2D954A30-1402-48D5-B10A-EAA8F59C645E}
		{CBF14D7C-6ECB-4E11-A1A3-207B3E8F59AC} = {2D954A30-1402-48D5-B10A-EAA8F59C645E}
		{2EECEF87-727D-4399-8FF0-E2B09CBABEEF} = {2D954A30-1402-48D5-B10A-EAA8F59C645E}
		{E688E49A-0F04-491A-9480-8A2425A94231} = {777CF495-85CE-40AD-8828-775A2082796E}
		{8D3299EC-32C5-47CE-BEEF-684D93E65300} = {9B97F2AC-AB58-41BD-A18E-CCF28FC05416}
		{34CD5BED-7BC6-4BF7-BD6E-2117F3B3A0CF} = {9B97F2AC-AB58-41BD-A18E-CCF28FC05416}
		{8D9EDBC8-9849-4113-BEDF-0E934ECB7DF5} = {41D72F24-9FA7-404F-9796-218BDCB9854F}
		{4E15AA2C-9956-43F5-A45D-A875A1A5E844} = {41D72F24-9FA7-404F-9796-218BDCB9854F}
		{ABB36D3F-97BA-470F-B8B4-2665838B7CC4} = {40C2B3C1-27D9-4666-ACA8-6B9C12496C7A}
		{27D40811-359F-49B6-9AFF-9994A758EF24} = {40C2B3C1-27D9-4666-ACA8-6B9C12496C7A}
		{FE34F504-38B8-4A39-BC65-4F3CA0832C63} = {8A817817-D193-4ED2-ABE1-F5AD715B423C}
		{4F8480B1-F776-4BE0-83F4-C35C2F9A380A} = {8A817817-D193-4ED2-ABE1-F5AD715B423C}
		{B00647F6-57C1-4EB5-B336-AA55C556252D} = {8A817817-D193-4ED2-ABE1-F5AD715B423C}
	EndGlobalSection
	GlobalSection(ExtensibilityGlobals) = postSolution
		SolutionGuid = {291F900C-5357-4B72-95FE-FB565C71E85F}
	EndGlobalSection
EndGlobal
