
Microsoft Visual Studio Solution File, Format Version 12.00
# Visual Studio Version 17
VisualStudioVersion = 17.0.31919.166
MinimumVisualStudioVersion = 10.0.40219.1
Project("{FAE04EC0-301F-11D3-BF4B-00C04F79EFBC}") = "SocketDemo", "SocketDemo\SocketDemo.csproj", "{A8FB340D-A7A7-4491-BF0D-AFE239CB2DEA}"
EndProject
Global
	GlobalSection(SolutionConfigurationPlatforms) = preSolution
		Debug|Any CPU = Debug|Any CPU
		Release|Any CPU = Release|Any CPU
	EndGlobalSection
	GlobalSection(ProjectConfigurationPlatforms) = postSolution
		{A8FB340D-A7A7-4491-BF0D-AFE239CB2DEA}.Debug|Any CPU.ActiveCfg = Debug|Any CPU
		{A8FB340D-A7A7-4491-BF0D-AFE239CB2DEA}.Debug|Any CPU.Build.0 = Debug|Any CPU
		{A8FB340D-A7A7-4491-BF0D-AFE239CB2DEA}.Release|Any CPU.ActiveCfg = Release|Any CPU
		{A8FB340D-A7A7-4491-BF0D-AFE239CB2DEA}.Release|Any CPU.Build.0 = Release|Any CPU
	EndGlobalSection
	GlobalSection(SolutionProperties) = preSolution
		HideSolutionNode = FALSE
	EndGlobalSection
	GlobalSection(ExtensibilityGlobals) = postSolution
		SolutionGuid = {974FED20-39F8-4602-9233-6D2DB17164C0}
	EndGlobalSection
EndGlobal
