
Microsoft Visual Studio Solution File, Format Version 12.00
# Visual Studio Version 16
VisualStudioVersion = 16.0.31205.134
MinimumVisualStudioVersion = 10.0.40219.1
Project("{FAE04EC0-301F-11D3-BF4B-00C04F79EFBC}") = "WbyJiaXing", "WbyJiaXing\WbyJiaXing.csproj", "{C9894A8D-1EBE-47E9-A219-280456122543}"
EndProject
Project("{FAE04EC0-301F-11D3-BF4B-00C04F79EFBC}") = "HelloWorld", "HelloWorld\HelloWorld.csproj", "{5A2141C1-09AB-43A6-81C0-A6D395BE605A}"
EndProject
Project("{FAE04EC0-301F-11D3-BF4B-00C04F79EFBC}") = "FeatureLayerVisualize", "FeatureLayerVisualize\FeatureLayerVisualize.csproj", "{CFF185E9-5F09-4979-AF88-602D5CD5472C}"
EndProject
Project("{FAE04EC0-301F-11D3-BF4B-00C04F79EFBC}") = "InteractMode", "InteractMode\InteractMode.csproj", "{28780906-7E64-4243-B192-AF78920BEC52}"
EndProject
Project("{FAE04EC0-301F-11D3-BF4B-00C04F79EFBC}") = "CommonLibrary", "CommonLibrary\CommonLibrary.csproj", "{95EA7FA3-FB24-414F-9199-6011811D0143}"
EndProject
Project("{FAE04EC0-301F-11D3-BF4B-00C04F79EFBC}") = "FeatureSelect", "FeatureSelect\FeatureSelect.csproj", "{A3AC9C2E-74B8-4A55-B8E2-F7549930A21A}"
EndProject
Project("{FAE04EC0-301F-11D3-BF4B-00C04F79EFBC}") = "FeatureClassQuery", "FeatureClassQuery\FeatureClassQuery.csproj", "{36B12410-438D-4C40-8893-45AD3B26B6CF}"
EndProject
Project("{FAE04EC0-301F-11D3-BF4B-00C04F79EFBC}") = "LabelAndRenderGeometry", "LabelAndRenderGeometry\LabelAndRenderGeometry.csproj", "{655C93BA-C6BF-4948-825F-F3D7EB014216}"
EndProject
Global
	GlobalSection(SolutionConfigurationPlatforms) = preSolution
		Debug|Any CPU = Debug|Any CPU
		Release|Any CPU = Release|Any CPU
	EndGlobalSection
	GlobalSection(ProjectConfigurationPlatforms) = postSolution
		{C9894A8D-1EBE-47E9-A219-280456122543}.Debug|Any CPU.ActiveCfg = Debug|Any CPU
		{C9894A8D-1EBE-47E9-A219-280456122543}.Debug|Any CPU.Build.0 = Debug|Any CPU
		{C9894A8D-1EBE-47E9-A219-280456122543}.Release|Any CPU.ActiveCfg = Release|Any CPU
		{C9894A8D-1EBE-47E9-A219-280456122543}.Release|Any CPU.Build.0 = Release|Any CPU
		{5A2141C1-09AB-43A6-81C0-A6D395BE605A}.Debug|Any CPU.ActiveCfg = Debug|Any CPU
		{5A2141C1-09AB-43A6-81C0-A6D395BE605A}.Debug|Any CPU.Build.0 = Debug|Any CPU
		{5A2141C1-09AB-43A6-81C0-A6D395BE605A}.Release|Any CPU.ActiveCfg = Release|Any CPU
		{5A2141C1-09AB-43A6-81C0-A6D395BE605A}.Release|Any CPU.Build.0 = Release|Any CPU
		{CFF185E9-5F09-4979-AF88-602D5CD5472C}.Debug|Any CPU.ActiveCfg = Debug|Any CPU
		{CFF185E9-5F09-4979-AF88-602D5CD5472C}.Debug|Any CPU.Build.0 = Debug|Any CPU
		{CFF185E9-5F09-4979-AF88-602D5CD5472C}.Release|Any CPU.ActiveCfg = Release|Any CPU
		{CFF185E9-5F09-4979-AF88-602D5CD5472C}.Release|Any CPU.Build.0 = Release|Any CPU
		{28780906-7E64-4243-B192-AF78920BEC52}.Debug|Any CPU.ActiveCfg = Debug|Any CPU
		{28780906-7E64-4243-B192-AF78920BEC52}.Debug|Any CPU.Build.0 = Debug|Any CPU
		{28780906-7E64-4243-B192-AF78920BEC52}.Release|Any CPU.ActiveCfg = Release|Any CPU
		{28780906-7E64-4243-B192-AF78920BEC52}.Release|Any CPU.Build.0 = Release|Any CPU
		{95EA7FA3-FB24-414F-9199-6011811D0143}.Debug|Any CPU.ActiveCfg = Debug|Any CPU
		{95EA7FA3-FB24-414F-9199-6011811D0143}.Debug|Any CPU.Build.0 = Debug|Any CPU
		{95EA7FA3-FB24-414F-9199-6011811D0143}.Release|Any CPU.ActiveCfg = Release|Any CPU
		{95EA7FA3-FB24-414F-9199-6011811D0143}.Release|Any CPU.Build.0 = Release|Any CPU
		{A3AC9C2E-74B8-4A55-B8E2-F7549930A21A}.Debug|Any CPU.ActiveCfg = Debug|Any CPU
		{A3AC9C2E-74B8-4A55-B8E2-F7549930A21A}.Debug|Any CPU.Build.0 = Debug|Any CPU
		{A3AC9C2E-74B8-4A55-B8E2-F7549930A21A}.Release|Any CPU.ActiveCfg = Release|Any CPU
		{A3AC9C2E-74B8-4A55-B8E2-F7549930A21A}.Release|Any CPU.Build.0 = Release|Any CPU
		{36B12410-438D-4C40-8893-45AD3B26B6CF}.Debug|Any CPU.ActiveCfg = Debug|Any CPU
		{36B12410-438D-4C40-8893-45AD3B26B6CF}.Debug|Any CPU.Build.0 = Debug|Any CPU
		{36B12410-438D-4C40-8893-45AD3B26B6CF}.Release|Any CPU.ActiveCfg = Release|Any CPU
		{36B12410-438D-4C40-8893-45AD3B26B6CF}.Release|Any CPU.Build.0 = Release|Any CPU
		{655C93BA-C6BF-4948-825F-F3D7EB014216}.Debug|Any CPU.ActiveCfg = Debug|Any CPU
		{655C93BA-C6BF-4948-825F-F3D7EB014216}.Debug|Any CPU.Build.0 = Debug|Any CPU
		{655C93BA-C6BF-4948-825F-F3D7EB014216}.Release|Any CPU.ActiveCfg = Release|Any CPU
		{655C93BA-C6BF-4948-825F-F3D7EB014216}.Release|Any CPU.Build.0 = Release|Any CPU
	EndGlobalSection
	GlobalSection(SolutionProperties) = preSolution
		HideSolutionNode = FALSE
	EndGlobalSection
	GlobalSection(ExtensibilityGlobals) = postSolution
		SolutionGuid = {F0A57EF1-C625-4C89-AFA3-4F918713C9A9}
	EndGlobalSection
EndGlobal
