
Microsoft Visual Studio Solution File, Format Version 12.00
# Visual Studio Version 16
VisualStudioVersion = 16.0.31205.134
MinimumVisualStudioVersion = 10.0.40219.1
Project("{FAE04EC0-301F-11D3-BF4B-00C04F79EFBC}") = "HelloWorld", "HelloWorld\HelloWorld.csproj", "{5A2141C1-09AB-43A6-81C0-A6D395BE605A}"
EndProject
Project("{FAE04EC0-301F-11D3-BF4B-00C04F79EFBC}") = "FeatureLayerVisualize", "FeatureLayerVisualize\FeatureLayerVisualize.csproj", "{CFF185E9-5F09-4979-AF88-602D5CD5472C}"
EndProject
Project("{FAE04EC0-301F-11D3-BF4B-00C04F79EFBC}") = "InteractMode", "InteractMode\InteractMode.csproj", "{28780906-7E64-4243-B192-AF78920BEC52}"
EndProject
Project("{FAE04EC0-301F-11D3-BF4B-00C04F79EFBC}") = "CommonLibrary", "CommonLibrary\CommonLibrary.csproj", "{95EA7FA3-FB24-414F-9199-6011811D0143}"
EndProject
Project("{FAE04EC0-301F-11D3-BF4B-00C04F79EFBC}") = "FeatureSelect", "FeatureSelect\FeatureSelect.csproj", "{A3AC9C2E-74B8-4A55-B8E2-F7549930A21A}"
EndProject
Project("{FAE04EC0-301F-11D3-BF4B-00C04F79EFBC}") = "FeatureClassQuery", "FeatureClassQuery\FeatureClassQuery.csproj", "{36B12410-438D-4C40-8893-45AD3B26B6CF}"
EndProject
Project("{FAE04EC0-301F-11D3-BF4B-00C04F79EFBC}") = "LabelAndRenderGeometry", "LabelAndRenderGeometry\LabelAndRenderGeometry.csproj", "{655C93BA-C6BF-4948-825F-F3D7EB014216}"
EndProject
Project("{FAE04EC0-301F-11D3-BF4B-00C04F79EFBC}") = "DrawPointToolForMeiDu", "DrawPointToolForMeiDu\DrawPointToolForMeiDu.csproj", "{E90AA6BD-B747-4DAE-AC5C-325F3E925512}"
EndProject
Project("{FAE04EC0-301F-11D3-BF4B-00C04F79EFBC}") = "OSGAmimationMap", "OSGAmimationMap\OSGAmimationMap.csproj", "{16E50689-995A-4C7E-B009-9568F3E6F423}"
EndProject
Project("{FAE04EC0-301F-11D3-BF4B-00C04F79EFBC}") = "CommonMapLib", "CommonMapLib\CommonMapLib.csproj", "{27532FDA-E247-40EF-A7EC-52B0BCBB68A8}"
EndProject
Project("{FAE04EC0-301F-11D3-BF4B-00C04F79EFBC}") = "CarModelPath", "CarModelPath\CarModelPath.csproj", "{E1F59710-ED0B-4702-B574-B08EE43E2E1C}"
EndProject
Project("{FAE04EC0-301F-11D3-BF4B-00C04F79EFBC}") = "TrajectoryMonitor", "TrajectoryMonitor\TrajectoryMonitor.csproj", "{3E876E92-EEDE-4653-80C9-6F016B4597C8}"
EndProject
Project("{FAE04EC0-301F-11D3-BF4B-00C04F79EFBC}") = "ShowVideoProjection", "ShowVideoProjection\ShowVideoProjection.csproj", "{9EC210FC-DEAE-410A-8E84-46B7C21E4074}"
EndProject
Global
	GlobalSection(SolutionConfigurationPlatforms) = preSolution
		Debug|Any CPU = Debug|Any CPU
		Release|Any CPU = Release|Any CPU
	EndGlobalSection
	GlobalSection(ProjectConfigurationPlatforms) = postSolution
		{5A2141C1-09AB-43A6-81C0-A6D395BE605A}.Debug|Any CPU.ActiveCfg = Debug|Any CPU
		{5A2141C1-09AB-43A6-81C0-A6D395BE605A}.Debug|Any CPU.Build.0 = Debug|Any CPU
		{5A2141C1-09AB-43A6-81C0-A6D395BE605A}.Release|Any CPU.ActiveCfg = Release|Any CPU
		{5A2141C1-09AB-43A6-81C0-A6D395BE605A}.Release|Any CPU.Build.0 = Release|Any CPU
		{CFF185E9-5F09-4979-AF88-602D5CD5472C}.Debug|Any CPU.ActiveCfg = Debug|Any CPU
		{CFF185E9-5F09-4979-AF88-602D5CD5472C}.Debug|Any CPU.Build.0 = Debug|Any CPU
		{CFF185E9-5F09-4979-AF88-602D5CD5472C}.Release|Any CPU.ActiveCfg = Release|Any CPU
		{CFF185E9-5F09-4979-AF88-602D5CD5472C}.Release|Any CPU.Build.0 = Release|Any CPU
		{28780906-7E64-4243-B192-AF78920BEC52}.Debug|Any CPU.ActiveCfg = Debug|Any CPU
		{28780906-7E64-4243-B192-AF78920BEC52}.Debug|Any CPU.Build.0 = Debug|Any CPU
		{28780906-7E64-4243-B192-AF78920BEC52}.Release|Any CPU.ActiveCfg = Release|Any CPU
		{28780906-7E64-4243-B192-AF78920BEC52}.Release|Any CPU.Build.0 = Release|Any CPU
		{95EA7FA3-FB24-414F-9199-6011811D0143}.Debug|Any CPU.ActiveCfg = Debug|Any CPU
		{95EA7FA3-FB24-414F-9199-6011811D0143}.Debug|Any CPU.Build.0 = Debug|Any CPU
		{95EA7FA3-FB24-414F-9199-6011811D0143}.Release|Any CPU.ActiveCfg = Release|Any CPU
		{95EA7FA3-FB24-414F-9199-6011811D0143}.Release|Any CPU.Build.0 = Release|Any CPU
		{A3AC9C2E-74B8-4A55-B8E2-F7549930A21A}.Debug|Any CPU.ActiveCfg = Debug|Any CPU
		{A3AC9C2E-74B8-4A55-B8E2-F7549930A21A}.Debug|Any CPU.Build.0 = Debug|Any CPU
		{A3AC9C2E-74B8-4A55-B8E2-F7549930A21A}.Release|Any CPU.ActiveCfg = Release|Any CPU
		{A3AC9C2E-74B8-4A55-B8E2-F7549930A21A}.Release|Any CPU.Build.0 = Release|Any CPU
		{36B12410-438D-4C40-8893-45AD3B26B6CF}.Debug|Any CPU.ActiveCfg = Debug|Any CPU
		{36B12410-438D-4C40-8893-45AD3B26B6CF}.Debug|Any CPU.Build.0 = Debug|Any CPU
		{36B12410-438D-4C40-8893-45AD3B26B6CF}.Release|Any CPU.ActiveCfg = Release|Any CPU
		{36B12410-438D-4C40-8893-45AD3B26B6CF}.Release|Any CPU.Build.0 = Release|Any CPU
		{655C93BA-C6BF-4948-825F-F3D7EB014216}.Debug|Any CPU.ActiveCfg = Debug|Any CPU
		{655C93BA-C6BF-4948-825F-F3D7EB014216}.Debug|Any CPU.Build.0 = Debug|Any CPU
		{655C93BA-C6BF-4948-825F-F3D7EB014216}.Release|Any CPU.ActiveCfg = Release|Any CPU
		{655C93BA-C6BF-4948-825F-F3D7EB014216}.Release|Any CPU.Build.0 = Release|Any CPU
		{E90AA6BD-B747-4DAE-AC5C-325F3E925512}.Debug|Any CPU.ActiveCfg = Debug|Any CPU
		{E90AA6BD-B747-4DAE-AC5C-325F3E925512}.Debug|Any CPU.Build.0 = Debug|Any CPU
		{E90AA6BD-B747-4DAE-AC5C-325F3E925512}.Release|Any CPU.ActiveCfg = Release|Any CPU
		{E90AA6BD-B747-4DAE-AC5C-325F3E925512}.Release|Any CPU.Build.0 = Release|Any CPU
		{16E50689-995A-4C7E-B009-9568F3E6F423}.Debug|Any CPU.ActiveCfg = Debug|Any CPU
		{16E50689-995A-4C7E-B009-9568F3E6F423}.Debug|Any CPU.Build.0 = Debug|Any CPU
		{16E50689-995A-4C7E-B009-9568F3E6F423}.Release|Any CPU.ActiveCfg = Release|Any CPU
		{16E50689-995A-4C7E-B009-9568F3E6F423}.Release|Any CPU.Build.0 = Release|Any CPU
		{27532FDA-E247-40EF-A7EC-52B0BCBB68A8}.Debug|Any CPU.ActiveCfg = Debug|Any CPU
		{27532FDA-E247-40EF-A7EC-52B0BCBB68A8}.Debug|Any CPU.Build.0 = Debug|Any CPU
		{27532FDA-E247-40EF-A7EC-52B0BCBB68A8}.Release|Any CPU.ActiveCfg = Release|Any CPU
		{27532FDA-E247-40EF-A7EC-52B0BCBB68A8}.Release|Any CPU.Build.0 = Release|Any CPU
		{E1F59710-ED0B-4702-B574-B08EE43E2E1C}.Debug|Any CPU.ActiveCfg = Debug|Any CPU
		{E1F59710-ED0B-4702-B574-B08EE43E2E1C}.Debug|Any CPU.Build.0 = Debug|Any CPU
		{E1F59710-ED0B-4702-B574-B08EE43E2E1C}.Release|Any CPU.ActiveCfg = Release|Any CPU
		{E1F59710-ED0B-4702-B574-B08EE43E2E1C}.Release|Any CPU.Build.0 = Release|Any CPU
		{3E876E92-EEDE-4653-80C9-6F016B4597C8}.Debug|Any CPU.ActiveCfg = Debug|Any CPU
		{3E876E92-EEDE-4653-80C9-6F016B4597C8}.Debug|Any CPU.Build.0 = Debug|Any CPU
		{3E876E92-EEDE-4653-80C9-6F016B4597C8}.Release|Any CPU.ActiveCfg = Release|Any CPU
		{3E876E92-EEDE-4653-80C9-6F016B4597C8}.Release|Any CPU.Build.0 = Release|Any CPU
		{9EC210FC-DEAE-410A-8E84-46B7C21E4074}.Debug|Any CPU.ActiveCfg = Debug|Any CPU
		{9EC210FC-DEAE-410A-8E84-46B7C21E4074}.Debug|Any CPU.Build.0 = Debug|Any CPU
		{9EC210FC-DEAE-410A-8E84-46B7C21E4074}.Release|Any CPU.ActiveCfg = Release|Any CPU
		{9EC210FC-DEAE-410A-8E84-46B7C21E4074}.Release|Any CPU.Build.0 = Release|Any CPU
	EndGlobalSection
	GlobalSection(SolutionProperties) = preSolution
		HideSolutionNode = FALSE
	EndGlobalSection
	GlobalSection(ExtensibilityGlobals) = postSolution
		SolutionGuid = {F0A57EF1-C625-4C89-AFA3-4F918713C9A9}
	EndGlobalSection
EndGlobal
